<?xml version="1.0" encoding="utf-8"?>
<Project ToolsVersion="4.0" xmlns="http://schemas.microsoft.com/developer/msbuild/2003">
  <ItemGroup>
    <Filter Include="소스 파일">
      <UniqueIdentifier>{4FC737F1-C7A5-4376-A066-2A32D752A2FF}</UniqueIdentifier>
      <Extensions>cpp;c;cc;cxx;c++;cppm;ixx;def;odl;idl;hpj;bat;asm;asmx</Extensions>
    </Filter>
    <Filter Include="헤더 파일">
      <UniqueIdentifier>{93995380-89BD-4b04-88EB-625FBE52EBFB}</UniqueIdentifier>
      <Extensions>h;hh;hpp;hxx;h++;hm;inl;inc;ipp;xsd</Extensions>
    </Filter>
    <Filter Include="리소스 파일">
      <UniqueIdentifier>{67DA6AB6-F800-4c08-8B7A-83BB121AAD01}</UniqueIdentifier>
      <Extensions>rc;ico;cur;bmp;dlg;rc2;rct;bin;rgs;gif;jpg;jpeg;jpe;resx;tiff;tif;png;wav;mfcribbon-ms</Extensions>
    </Filter>
  </ItemGroup>
  <ItemGroup>
    <ClCompile Include="Problem2908.cpp">
      <Filter>소스 파일</Filter>
    </ClCompile>
    <ClCompile Include="Problem2941.cpp">
      <Filter>소스 파일</Filter>
    </ClCompile>
    <ClCompile Include="Problem4673.cpp">
      <Filter>소스 파일</Filter>
    </ClCompile>
    <ClCompile Include="Problem10757.cpp">
      <Filter>소스 파일</Filter>
    </ClCompile>
    <ClCompile Include="Problem1978.cpp">
      <Filter>소스 파일</Filter>
    </ClCompile>
    <ClCompile Include="Problem2581.cpp">
      <Filter>소스 파일</Filter>
    </ClCompile>
    <ClCompile Include="Problem11653.cpp">
      <Filter>소스 파일</Filter>
    </ClCompile>
    <ClCompile Include="Problem1929.cpp">
      <Filter>소스 파일</Filter>
    </ClCompile>
    <ClCompile Include="Problem4948.cpp">
      <Filter>소스 파일</Filter>
    </ClCompile>
    <ClCompile Include="Problem9020.cpp">
      <Filter>소스 파일</Filter>
    </ClCompile>
    <ClCompile Include="Problem2751.cpp">
      <Filter>소스 파일</Filter>
    </ClCompile>
    <ClCompile Include="Problem10989.cpp">
      <Filter>소스 파일</Filter>
    </ClCompile>
    <ClCompile Include="Problem25305.cpp">
      <Filter>소스 파일</Filter>
    </ClCompile>
    <ClCompile Include="Problem2108.cpp">
      <Filter>소스 파일</Filter>
    </ClCompile>
    <ClCompile Include="Problem11650.cpp">
      <Filter>소스 파일</Filter>
    </ClCompile>
    <ClCompile Include="Problem1920.cpp">
      <Filter>소스 파일</Filter>
    </ClCompile>
    <ClCompile Include="Problem10845.cpp">
      <Filter>소스 파일</Filter>
    </ClCompile>
    <ClCompile Include="Problem11866.cpp">
      <Filter>소스 파일</Filter>
    </ClCompile>
    <ClCompile Include="Problem1874.cpp">
      <Filter>소스 파일</Filter>
    </ClCompile>
    <ClCompile Include="Problem1966.cpp">
      <Filter>소스 파일</Filter>
    </ClCompile>
    <ClCompile Include="Problem1654.cpp">
      <Filter>소스 파일</Filter>
    </ClCompile>
    <ClCompile Include="Problem1260.cpp">
      <Filter>소스 파일</Filter>
    </ClCompile>
    <ClCompile Include="Problem1012.cpp">
      <Filter>소스 파일</Filter>
    </ClCompile>
    <ClCompile Include="Problem2178.cpp">
      <Filter>소스 파일</Filter>
    </ClCompile>
    <ClCompile Include="Problem1541.cpp">
      <Filter>소스 파일</Filter>
    </ClCompile>
    <ClCompile Include="Problem1697.cpp">
      <Filter>소스 파일</Filter>
    </ClCompile>
    <ClCompile Include="Problem1931.cpp">
      <Filter>소스 파일</Filter>
    </ClCompile>
    <ClCompile Include="Problem1389.cpp">
      <Filter>소스 파일</Filter>
    </ClCompile>
    <ClCompile Include="Problem7569.cpp">
      <Filter>소스 파일</Filter>
    </ClCompile>
    <ClCompile Include="Problem5430.cpp">
      <Filter>소스 파일</Filter>
    </ClCompile>
    <ClCompile Include="Problem2606.cpp">
      <Filter>소스 파일</Filter>
    </ClCompile>
    <ClCompile Include="Problem11724.cpp">
      <Filter>소스 파일</Filter>
    </ClCompile>
    <ClCompile Include="Problem11403.cpp">
      <Filter>소스 파일</Filter>
    </ClCompile>
    <ClCompile Include="Problem5525.cpp">
      <Filter>소스 파일</Filter>
    </ClCompile>
    <ClCompile Include="Problem1780.cpp">
      <Filter>소스 파일</Filter>
    </ClCompile>
    <ClCompile Include="Problem7576.cpp">
      <Filter>소스 파일</Filter>
    </ClCompile>
    <ClCompile Include="Problem1074.cpp">
      <Filter>소스 파일</Filter>
    </ClCompile>
    <ClCompile Include="Problem2630.cpp">
      <Filter>소스 파일</Filter>
    </ClCompile>
    <ClCompile Include="Problem11279.cpp">
      <Filter>소스 파일</Filter>
    </ClCompile>
    <ClCompile Include="Problem2667.cpp">
      <Filter>소스 파일</Filter>
    </ClCompile>
    <ClCompile Include="Problem16928.cpp">
      <Filter>소스 파일</Filter>
    </ClCompile>
    <ClCompile Include="Problem10026.cpp">
      <Filter>소스 파일</Filter>
    </ClCompile>
    <ClCompile Include="Problem1992.cpp">
      <Filter>소스 파일</Filter>
    </ClCompile>
    <ClCompile Include="Problem14500.cpp">
      <Filter>소스 파일</Filter>
    </ClCompile>
    <ClCompile Include="Problem16236.cpp">
      <Filter>소스 파일</Filter>
    </ClCompile>
    <ClCompile Include="Problem11286.cpp">
      <Filter>소스 파일</Filter>
    </ClCompile>
    <ClCompile Include="Problem11659.cpp">
      <Filter>소스 파일</Filter>
    </ClCompile>
    <ClCompile Include="Problem1991.cpp">
      <Filter>소스 파일</Filter>
    </ClCompile>
    <ClCompile Include="Problem1916.cpp">
      <Filter>소스 파일</Filter>
    </ClCompile>
    <ClCompile Include="Problem9465.cpp">
      <Filter>소스 파일</Filter>
    </ClCompile>
    <ClCompile Include="Problem2096.cpp">
      <Filter>소스 파일</Filter>
    </ClCompile>
    <ClCompile Include="Problem13549.cpp">
      <Filter>소스 파일</Filter>
    </ClCompile>
    <ClCompile Include="Problem11660.cpp">
      <Filter>소스 파일</Filter>
    </ClCompile>
    <ClCompile Include="Problem1753.cpp">
      <Filter>소스 파일</Filter>
    </ClCompile>
    <ClCompile Include="Problem1927.cpp">
      <Filter>소스 파일</Filter>
    </ClCompile>
    <ClCompile Include="Problem5639.cpp">
      <Filter>소스 파일</Filter>
    </ClCompile>
    <ClCompile Include="Problem16953.cpp">
      <Filter>소스 파일</Filter>
    </ClCompile>
    <ClCompile Include="Problem14502.cpp">
      <Filter>소스 파일</Filter>
    </ClCompile>
    <ClCompile Include="Problem12851.cpp">
      <Filter>소스 파일</Filter>
    </ClCompile>
    <ClCompile Include="Problem1504.cpp">
      <Filter>소스 파일</Filter>
    </ClCompile>
    <ClCompile Include="Problem1043.cpp">
      <Filter>소스 파일</Filter>
    </ClCompile>
    <ClCompile Include="Problem11725.cpp">
      <Filter>소스 파일</Filter>
    </ClCompile>
    <ClCompile Include="Problem11657.cpp">
      <Filter>소스 파일</Filter>
    </ClCompile>
    <ClCompile Include="Problem11404.cpp">
      <Filter>소스 파일</Filter>
    </ClCompile>
    <ClCompile Include="Problem1922.cpp">
      <Filter>소스 파일</Filter>
    </ClCompile>
    <ClCompile Include="Problem1922-2.cpp">
      <Filter>소스 파일</Filter>
    </ClCompile>
    <ClCompile Include="Problem9663.cpp">
      <Filter>소스 파일</Filter>
    </ClCompile>
    <ClCompile Include="Problem1967.cpp">
      <Filter>소스 파일</Filter>
    </ClCompile>
    <ClCompile Include="Problem2206.cpp">
      <Filter>소스 파일</Filter>
    </ClCompile>
    <ClCompile Include="Problem1865.cpp">
      <Filter>소스 파일</Filter>
    </ClCompile>
    <ClCompile Include="Problem9935.cpp">
      <Filter>소스 파일</Filter>
    </ClCompile>
    <ClCompile Include="Problem17144.cpp">
      <Filter>소스 파일</Filter>
    </ClCompile>
    <ClCompile Include="Problem14938.cpp">
      <Filter>소스 파일</Filter>
    </ClCompile>
    <ClCompile Include="Problem1365.cpp">
      <Filter>소스 파일</Filter>
    </ClCompile>
    <ClCompile Include="Problem1918.cpp">
      <Filter>소스 파일</Filter>
    </ClCompile>
    <ClCompile Include="Problem1238.cpp">
      <Filter>소스 파일</Filter>
    </ClCompile>
    <ClCompile Include="Problem11779.cpp">
      <Filter>소스 파일</Filter>
    </ClCompile>
    <ClCompile Include="Problem9251.cpp">
      <Filter>소스 파일</Filter>
    </ClCompile>
    <ClCompile Include="Problem10830.cpp">
      <Filter>소스 파일</Filter>
    </ClCompile>
    <ClCompile Include="Problem2166.cpp">
      <Filter>소스 파일</Filter>
    </ClCompile>
    <ClCompile Include="Problem1197.cpp">
      <Filter>소스 파일</Filter>
    </ClCompile>
    <ClCompile Include="Problem1197-2.cpp">
      <Filter>소스 파일</Filter>
    </ClCompile>
    <ClCompile Include="Problem15686.cpp">
      <Filter>소스 파일</Filter>
    </ClCompile>
    <ClCompile Include="Problem15650.cpp">
      <Filter>소스 파일</Filter>
    </ClCompile>
    <ClCompile Include="Problem15652.cpp">
      <Filter>소스 파일</Filter>
    </ClCompile>
    <ClCompile Include="Problem15654.cpp">
      <Filter>소스 파일</Filter>
    </ClCompile>
    <ClCompile Include="Problem15657.cpp">
      <Filter>소스 파일</Filter>
    </ClCompile>
    <ClCompile Include="Problem15663.cpp">
      <Filter>소스 파일</Filter>
    </ClCompile>
    <ClCompile Include="Problem1647.cpp">
      <Filter>소스 파일</Filter>
    </ClCompile>
    <ClCompile Include="Problem1806.cpp">
      <Filter>소스 파일</Filter>
    </ClCompile>
    <ClCompile Include="Problem1987.cpp">
      <Filter>소스 파일</Filter>
    </ClCompile>
  </ItemGroup>
</Project>